
Microsoft Visual Studio Solution File, Format Version 12.00
# Visual Studio Version 17
VisualStudioVersion = 17.13.35806.99 d17.13
MinimumVisualStudioVersion = 10.0.40219.1
Project("{FAE04EC0-301F-11D3-BF4B-00C04F79EFBC}") = "Task1", "Seminar8\Task1.csproj", "{447CA799-C09F-4A28-9341-E16E0297C2B6}"
EndProject
Project("{2150E333-8FDC-42A3-9474-1A3956D46DE8}") = "Элементы решения", "Элементы решения", "{754FC069-D67B-A9D7-50A1-8D1CA196D8F1}"
EndProject
Project("{FAE04EC0-301F-11D3-BF4B-00C04F79EFBC}") = "Task2", "Task2\Task2.csproj", "{CF2996B3-7E30-4E0E-BB39-C1289DB648AA}"
EndProject
Global
	GlobalSection(SolutionConfigurationPlatforms) = preSolution
		Debug|Any CPU = Debug|Any CPU
		Release|Any CPU = Release|Any CPU
	EndGlobalSection
	GlobalSection(ProjectConfigurationPlatforms) = postSolution
		{447CA799-C09F-4A28-9341-E16E0297C2B6}.Debug|Any CPU.ActiveCfg = Debug|Any CPU
		{447CA799-C09F-4A28-9341-E16E0297C2B6}.Debug|Any CPU.Build.0 = Debug|Any CPU
		{447CA799-C09F-4A28-9341-E16E0297C2B6}.Release|Any CPU.ActiveCfg = Release|Any CPU
		{447CA799-C09F-4A28-9341-E16E0297C2B6}.Release|Any CPU.Build.0 = Release|Any CPU
		{CF2996B3-7E30-4E0E-BB39-C1289DB648AA}.Debug|Any CPU.ActiveCfg = Debug|Any CPU
		{CF2996B3-7E30-4E0E-BB39-C1289DB648AA}.Debug|Any CPU.Build.0 = Debug|Any CPU
		{CF2996B3-7E30-4E0E-BB39-C1289DB648AA}.Release|Any CPU.ActiveCfg = Release|Any CPU
		{CF2996B3-7E30-4E0E-BB39-C1289DB648AA}.Release|Any CPU.Build.0 = Release|Any CPU
	EndGlobalSection
	GlobalSection(SolutionProperties) = preSolution
		HideSolutionNode = FALSE
	EndGlobalSection
	GlobalSection(ExtensibilityGlobals) = postSolution
		SolutionGuid = {3936C5FF-5DEB-497E-81E6-7D6ECF0241DB}
	EndGlobalSection
EndGlobal
